
Microsoft Visual Studio Solution File, Format Version 12.00
# Visual Studio 2013
VisualStudioVersion = 12.0.21005.1
MinimumVisualStudioVersion = 10.0.40219.1
Project("{FAE04EC0-301F-11D3-BF4B-00C04F79EFBC}") = "OnlineBidding", "OnlineBidding\OnlineBidding.csproj", "{226DAE3B-C286-4329-B2AE-1E04C30D5128}"
EndProject
Project("{FAE04EC0-301F-11D3-BF4B-00C04F79EFBC}") = "OnlineBidding.DAL", "OnlineBidding.DAL\OnlineBidding.DAL.csproj", "{AD35A4F2-4A26-4B87-921E-958F75D11B55}"
EndProject
Project("{FAE04EC0-301F-11D3-BF4B-00C04F79EFBC}") = "OnlineBidding.Model", "OnlineBidding.Model\OnlineBidding.Model.csproj", "{B5133DE3-E9BA-4D0D-9855-7FFA4618FE16}"
EndProject
Global
	GlobalSection(SolutionConfigurationPlatforms) = preSolution
		Debug|Any CPU = Debug|Any CPU
		Release|Any CPU = Release|Any CPU
	EndGlobalSection
	GlobalSection(ProjectConfigurationPlatforms) = postSolution
		{226DAE3B-C286-4329-B2AE-1E04C30D5128}.Debug|Any CPU.ActiveCfg = Debug|Any CPU
		{226DAE3B-C286-4329-B2AE-1E04C30D5128}.Debug|Any CPU.Build.0 = Debug|Any CPU
		{226DAE3B-C286-4329-B2AE-1E04C30D5128}.Release|Any CPU.ActiveCfg = Release|Any CPU
		{226DAE3B-C286-4329-B2AE-1E04C30D5128}.Release|Any CPU.Build.0 = Release|Any CPU
		{AD35A4F2-4A26-4B87-921E-958F75D11B55}.Debug|Any CPU.ActiveCfg = Debug|Any CPU
		{AD35A4F2-4A26-4B87-921E-958F75D11B55}.Debug|Any CPU.Build.0 = Debug|Any CPU
		{AD35A4F2-4A26-4B87-921E-958F75D11B55}.Release|Any CPU.ActiveCfg = Release|Any CPU
		{AD35A4F2-4A26-4B87-921E-958F75D11B55}.Release|Any CPU.Build.0 = Release|Any CPU
		{B5133DE3-E9BA-4D0D-9855-7FFA4618FE16}.Debug|Any CPU.ActiveCfg = Debug|Any CPU
		{B5133DE3-E9BA-4D0D-9855-7FFA4618FE16}.Debug|Any CPU.Build.0 = Debug|Any CPU
		{B5133DE3-E9BA-4D0D-9855-7FFA4618FE16}.Release|Any CPU.ActiveCfg = Release|Any CPU
		{B5133DE3-E9BA-4D0D-9855-7FFA4618FE16}.Release|Any CPU.Build.0 = Release|Any CPU
	EndGlobalSection
	GlobalSection(SolutionProperties) = preSolution
		HideSolutionNode = FALSE
	EndGlobalSection
EndGlobal
